// !$*UTF8*$!
{
	archiveVersion = 1;
	classes = {
	};
	objectVersion = 56;
	objects = {

/* Begin PBXBuildFile section */
		C4074AE52B85827500757293 /* MovieList.swift in Sources */ = {isa = PBXBuildFile; fileRef = C4074AE42B85827500757293 /* MovieList.swift */; };
		C4074AE92B85901400757293 /* MovieRow.swift in Sources */ = {isa = PBXBuildFile; fileRef = C4074AE82B85901400757293 /* MovieRow.swift */; };
		C4074AEB2B85B48400757293 /* RandomMovie.swift in Sources */ = {isa = PBXBuildFile; fileRef = C4074AEA2B85B48400757293 /* RandomMovie.swift */; };
		C4074AEE2B85B8A700757293 /* RandomModel.swift in Sources */ = {isa = PBXBuildFile; fileRef = C4074AED2B85B8A700757293 /* RandomModel.swift */; };
		C4074AF02B85C37400757293 /* TabsView.swift in Sources */ = {isa = PBXBuildFile; fileRef = C4074AEF2B85C37400757293 /* TabsView.swift */; };
		C4C01EE62B843BA20053DC05 /* MoviesAPIApp.swift in Sources */ = {isa = PBXBuildFile; fileRef = C4C01EE52B843BA20053DC05 /* MoviesAPIApp.swift */; };
		C4C01EE82B843BA20053DC05 /* ContentView.swift in Sources */ = {isa = PBXBuildFile; fileRef = C4C01EE72B843BA20053DC05 /* ContentView.swift */; };
		C4C01EEA2B843BA50053DC05 /* Assets.xcassets in Resources */ = {isa = PBXBuildFile; fileRef = C4C01EE92B843BA50053DC05 /* Assets.xcassets */; };
		C4C01EED2B843BA50053DC05 /* Preview Assets.xcassets in Resources */ = {isa = PBXBuildFile; fileRef = C4C01EEC2B843BA50053DC05 /* Preview Assets.xcassets */; };
		C4C01EF72B843BA50053DC05 /* MoviesAPITests.swift in Sources */ = {isa = PBXBuildFile; fileRef = C4C01EF62B843BA50053DC05 /* MoviesAPITests.swift */; };
		C4C01F012B843BA50053DC05 /* MoviesAPIUITests.swift in Sources */ = {isa = PBXBuildFile; fileRef = C4C01F002B843BA50053DC05 /* MoviesAPIUITests.swift */; };
		C4C01F032B843BA50053DC05 /* MoviesAPIUITestsLaunchTests.swift in Sources */ = {isa = PBXBuildFile; fileRef = C4C01F022B843BA50053DC05 /* MoviesAPIUITestsLaunchTests.swift */; };
		C4C01F102B843C560053DC05 /* MovieModelAPI.swift in Sources */ = {isa = PBXBuildFile; fileRef = C4C01F0F2B843C560053DC05 /* MovieModelAPI.swift */; };
		C4C01F122B843C7B0053DC05 /* MovieView.swift in Sources */ = {isa = PBXBuildFile; fileRef = C4C01F112B843C7B0053DC05 /* MovieView.swift */; };
		C4C01F142B843D0F0053DC05 /* ModelData.swift in Sources */ = {isa = PBXBuildFile; fileRef = C4C01F132B843D0F0053DC05 /* ModelData.swift */; };
		C4C3650D2B871A9700E5FC17 /* GetRandom.swift in Sources */ = {isa = PBXBuildFile; fileRef = C4C3650C2B871A9700E5FC17 /* GetRandom.swift */; };
/* End PBXBuildFile section */

/* Begin PBXContainerItemProxy section */
		C4C01EF32B843BA50053DC05 /* PBXContainerItemProxy */ = {
			isa = PBXContainerItemProxy;
			containerPortal = C4C01EDA2B843BA20053DC05 /* Project object */;
			proxyType = 1;
			remoteGlobalIDString = C4C01EE12B843BA20053DC05;
			remoteInfo = MoviesAPI;
		};
		C4C01EFD2B843BA50053DC05 /* PBXContainerItemProxy */ = {
			isa = PBXContainerItemProxy;
			containerPortal = C4C01EDA2B843BA20053DC05 /* Project object */;
			proxyType = 1;
			remoteGlobalIDString = C4C01EE12B843BA20053DC05;
			remoteInfo = MoviesAPI;
		};
/* End PBXContainerItemProxy section */

/* Begin PBXFileReference section */
		C4074AE42B85827500757293 /* MovieList.swift */ = {isa = PBXFileReference; lastKnownFileType = sourcecode.swift; path = MovieList.swift; sourceTree = "<group>"; };
		C4074AE82B85901400757293 /* MovieRow.swift */ = {isa = PBXFileReference; lastKnownFileType = sourcecode.swift; path = MovieRow.swift; sourceTree = "<group>"; };
		C4074AEA2B85B48400757293 /* RandomMovie.swift */ = {isa = PBXFileReference; lastKnownFileType = sourcecode.swift; path = RandomMovie.swift; sourceTree = "<group>"; };
		C4074AED2B85B8A700757293 /* RandomModel.swift */ = {isa = PBXFileReference; lastKnownFileType = sourcecode.swift; path = RandomModel.swift; sourceTree = "<group>"; };
		C4074AEF2B85C37400757293 /* TabsView.swift */ = {isa = PBXFileReference; lastKnownFileType = sourcecode.swift; path = TabsView.swift; sourceTree = "<group>"; };
		C4C01EE22B843BA20053DC05 /* MoviesAPI.app */ = {isa = PBXFileReference; explicitFileType = wrapper.application; includeInIndex = 0; path = MoviesAPI.app; sourceTree = BUILT_PRODUCTS_DIR; };
		C4C01EE52B843BA20053DC05 /* MoviesAPIApp.swift */ = {isa = PBXFileReference; lastKnownFileType = sourcecode.swift; path = MoviesAPIApp.swift; sourceTree = "<group>"; };
		C4C01EE72B843BA20053DC05 /* ContentView.swift */ = {isa = PBXFileReference; lastKnownFileType = sourcecode.swift; path = ContentView.swift; sourceTree = "<group>"; };
		C4C01EE92B843BA50053DC05 /* Assets.xcassets */ = {isa = PBXFileReference; lastKnownFileType = folder.assetcatalog; path = Assets.xcassets; sourceTree = "<group>"; };
		C4C01EEC2B843BA50053DC05 /* Preview Assets.xcassets */ = {isa = PBXFileReference; lastKnownFileType = folder.assetcatalog; path = "Preview Assets.xcassets"; sourceTree = "<group>"; };
		C4C01EF22B843BA50053DC05 /* MoviesAPITests.xctest */ = {isa = PBXFileReference; explicitFileType = wrapper.cfbundle; includeInIndex = 0; path = MoviesAPITests.xctest; sourceTree = BUILT_PRODUCTS_DIR; };
		C4C01EF62B843BA50053DC05 /* MoviesAPITests.swift */ = {isa = PBXFileReference; lastKnownFileType = sourcecode.swift; path = MoviesAPITests.swift; sourceTree = "<group>"; };
		C4C01EFC2B843BA50053DC05 /* MoviesAPIUITests.xctest */ = {isa = PBXFileReference; explicitFileType = wrapper.cfbundle; includeInIndex = 0; path = MoviesAPIUITests.xctest; sourceTree = BUILT_PRODUCTS_DIR; };
		C4C01F002B843BA50053DC05 /* MoviesAPIUITests.swift */ = {isa = PBXFileReference; lastKnownFileType = sourcecode.swift; path = MoviesAPIUITests.swift; sourceTree = "<group>"; };
		C4C01F022B843BA50053DC05 /* MoviesAPIUITestsLaunchTests.swift */ = {isa = PBXFileReference; lastKnownFileType = sourcecode.swift; path = MoviesAPIUITestsLaunchTests.swift; sourceTree = "<group>"; };
		C4C01F0F2B843C560053DC05 /* MovieModelAPI.swift */ = {isa = PBXFileReference; lastKnownFileType = sourcecode.swift; path = MovieModelAPI.swift; sourceTree = "<group>"; };
		C4C01F112B843C7B0053DC05 /* MovieView.swift */ = {isa = PBXFileReference; lastKnownFileType = sourcecode.swift; path = MovieView.swift; sourceTree = "<group>"; };
		C4C01F132B843D0F0053DC05 /* ModelData.swift */ = {isa = PBXFileReference; lastKnownFileType = sourcecode.swift; path = ModelData.swift; sourceTree = "<group>"; };
		C4C3650C2B871A9700E5FC17 /* GetRandom.swift */ = {isa = PBXFileReference; lastKnownFileType = sourcecode.swift; path = GetRandom.swift; sourceTree = "<group>"; };
/* End PBXFileReference section */

/* Begin PBXFrameworksBuildPhase section */
		C4C01EDF2B843BA20053DC05 /* Frameworks */ = {
			isa = PBXFrameworksBuildPhase;
			buildActionMask = 2147483647;
			files = (
			);
			runOnlyForDeploymentPostprocessing = 0;
		};
		C4C01EEF2B843BA50053DC05 /* Frameworks */ = {
			isa = PBXFrameworksBuildPhase;
			buildActionMask = 2147483647;
			files = (
			);
			runOnlyForDeploymentPostprocessing = 0;
		};
		C4C01EF92B843BA50053DC05 /* Frameworks */ = {
			isa = PBXFrameworksBuildPhase;
			buildActionMask = 2147483647;
			files = (
			);
			runOnlyForDeploymentPostprocessing = 0;
		};
/* End PBXFrameworksBuildPhase section */

/* Begin PBXGroup section */
		C4074AE22B857BF600757293 /* Model */ = {
			isa = PBXGroup;
			children = (
				C4C01F0F2B843C560053DC05 /* MovieModelAPI.swift */,
				C4074AED2B85B8A700757293 /* RandomModel.swift */,
				C4C01F132B843D0F0053DC05 /* ModelData.swift */,
			);
			path = Model;
			sourceTree = "<group>";
		};
		C4074AE32B857C0B00757293 /* Views */ = {
			isa = PBXGroup;
			children = (
				C4C3650B2B871A6F00E5FC17 /* Random */,
				C4074AEC2B85B75900757293 /* Movie List View */,
				C4074AEF2B85C37400757293 /* TabsView.swift */,
				C4C01EE72B843BA20053DC05 /* ContentView.swift */,
			);
			path = Views;
			sourceTree = "<group>";
		};
		C4074AEC2B85B75900757293 /* Movie List View */ = {
			isa = PBXGroup;
			children = (
				C4074AE42B85827500757293 /* MovieList.swift */,
				C4C01F112B843C7B0053DC05 /* MovieView.swift */,
				C4074AE82B85901400757293 /* MovieRow.swift */,
			);
			path = "Movie List View";
			sourceTree = "<group>";
		};
		C4C01ED92B843BA20053DC05 = {
			isa = PBXGroup;
			children = (
				C4C01EE42B843BA20053DC05 /* MoviesAPI */,
				C4C01EF52B843BA50053DC05 /* MoviesAPITests */,
				C4C01EFF2B843BA50053DC05 /* MoviesAPIUITests */,
				C4C01EE32B843BA20053DC05 /* Products */,
			);
			sourceTree = "<group>";
		};
		C4C01EE32B843BA20053DC05 /* Products */ = {
			isa = PBXGroup;
			children = (
				C4C01EE22B843BA20053DC05 /* MoviesAPI.app */,
				C4C01EF22B843BA50053DC05 /* MoviesAPITests.xctest */,
				C4C01EFC2B843BA50053DC05 /* MoviesAPIUITests.xctest */,
			);
			name = Products;
			sourceTree = "<group>";
		};
		C4C01EE42B843BA20053DC05 /* MoviesAPI */ = {
			isa = PBXGroup;
			children = (
				C4074AE32B857C0B00757293 /* Views */,
				C4074AE22B857BF600757293 /* Model */,
				C4C01EE52B843BA20053DC05 /* MoviesAPIApp.swift */,
				C4C01EE92B843BA50053DC05 /* Assets.xcassets */,
				C4C01EEB2B843BA50053DC05 /* Preview Content */,
			);
			path = MoviesAPI;
			sourceTree = "<group>";
		};
		C4C01EEB2B843BA50053DC05 /* Preview Content */ = {
			isa = PBXGroup;
			children = (
				C4C01EEC2B843BA50053DC05 /* Preview Assets.xcassets */,
			);
			path = "Preview Content";
			sourceTree = "<group>";
		};
		C4C01EF52B843BA50053DC05 /* MoviesAPITests */ = {
			isa = PBXGroup;
			children = (
				C4C01EF62B843BA50053DC05 /* MoviesAPITests.swift */,
			);
			path = MoviesAPITests;
			sourceTree = "<group>";
		};
		C4C01EFF2B843BA50053DC05 /* MoviesAPIUITests */ = {
			isa = PBXGroup;
			children = (
				C4C01F002B843BA50053DC05 /* MoviesAPIUITests.swift */,
				C4C01F022B843BA50053DC05 /* MoviesAPIUITestsLaunchTests.swift */,
			);
			path = MoviesAPIUITests;
			sourceTree = "<group>";
		};
		C4C3650B2B871A6F00E5FC17 /* Random */ = {
			isa = PBXGroup;
			children = (
				C4074AEA2B85B48400757293 /* RandomMovie.swift */,
				C4C3650C2B871A9700E5FC17 /* GetRandom.swift */,
			);
			path = Random;
			sourceTree = "<group>";
		};
/* End PBXGroup section */

/* Begin PBXNativeTarget section */
		C4C01EE12B843BA20053DC05 /* MoviesAPI */ = {
			isa = PBXNativeTarget;
			buildConfigurationList = C4C01F062B843BA50053DC05 /* Build configuration list for PBXNativeTarget "MoviesAPI" */;
			buildPhases = (
				C4C01EDE2B843BA20053DC05 /* Sources */,
				C4C01EDF2B843BA20053DC05 /* Frameworks */,
				C4C01EE02B843BA20053DC05 /* Resources */,
			);
			buildRules = (
			);
			dependencies = (
			);
			name = MoviesAPI;
			productName = MoviesAPI;
			productReference = C4C01EE22B843BA20053DC05 /* MoviesAPI.app */;
			productType = "com.apple.product-type.application";
		};
		C4C01EF12B843BA50053DC05 /* MoviesAPITests */ = {
			isa = PBXNativeTarget;
			buildConfigurationList = C4C01F092B843BA50053DC05 /* Build configuration list for PBXNativeTarget "MoviesAPITests" */;
			buildPhases = (
				C4C01EEE2B843BA50053DC05 /* Sources */,
				C4C01EEF2B843BA50053DC05 /* Frameworks */,
				C4C01EF02B843BA50053DC05 /* Resources */,
			);
			buildRules = (
			);
			dependencies = (
				C4C01EF42B843BA50053DC05 /* PBXTargetDependency */,
			);
			name = MoviesAPITests;
			productName = MoviesAPITests;
			productReference = C4C01EF22B843BA50053DC05 /* MoviesAPITests.xctest */;
			productType = "com.apple.product-type.bundle.unit-test";
		};
		C4C01EFB2B843BA50053DC05 /* MoviesAPIUITests */ = {
			isa = PBXNativeTarget;
			buildConfigurationList = C4C01F0C2B843BA50053DC05 /* Build configuration list for PBXNativeTarget "MoviesAPIUITests" */;
			buildPhases = (
				C4C01EF82B843BA50053DC05 /* Sources */,
				C4C01EF92B843BA50053DC05 /* Frameworks */,
				C4C01EFA2B843BA50053DC05 /* Resources */,
			);
			buildRules = (
			);
			dependencies = (
				C4C01EFE2B843BA50053DC05 /* PBXTargetDependency */,
			);
			name = MoviesAPIUITests;
			productName = MoviesAPIUITests;
			productReference = C4C01EFC2B843BA50053DC05 /* MoviesAPIUITests.xctest */;
			productType = "com.apple.product-type.bundle.ui-testing";
		};
/* End PBXNativeTarget section */

/* Begin PBXProject section */
		C4C01EDA2B843BA20053DC05 /* Project object */ = {
			isa = PBXProject;
			attributes = {
				BuildIndependentTargetsInParallel = 1;
				LastSwiftUpdateCheck = 1520;
				LastUpgradeCheck = 1520;
				TargetAttributes = {
					C4C01EE12B843BA20053DC05 = {
						CreatedOnToolsVersion = 15.2;
					};
					C4C01EF12B843BA50053DC05 = {
						CreatedOnToolsVersion = 15.2;
						TestTargetID = C4C01EE12B843BA20053DC05;
					};
					C4C01EFB2B843BA50053DC05 = {
						CreatedOnToolsVersion = 15.2;
						TestTargetID = C4C01EE12B843BA20053DC05;
					};
				};
			};
			buildConfigurationList = C4C01EDD2B843BA20053DC05 /* Build configuration list for PBXProject "MoviesAPI" */;
			compatibilityVersion = "Xcode 14.0";
			developmentRegion = en;
			hasScannedForEncodings = 0;
			knownRegions = (
				en,
				Base,
			);
			mainGroup = C4C01ED92B843BA20053DC05;
			productRefGroup = C4C01EE32B843BA20053DC05 /* Products */;
			projectDirPath = "";
			projectRoot = "";
			targets = (
				C4C01EE12B843BA20053DC05 /* MoviesAPI */,
				C4C01EF12B843BA50053DC05 /* MoviesAPITests */,
				C4C01EFB2B843BA50053DC05 /* MoviesAPIUITests */,
			);
		};
/* End PBXProject section */

/* Begin PBXResourcesBuildPhase section */
		C4C01EE02B843BA20053DC05 /* Resources */ = {
			isa = PBXResourcesBuildPhase;
			buildActionMask = 2147483647;
			files = (
				C4C01EED2B843BA50053DC05 /* Preview Assets.xcassets in Resources */,
				C4C01EEA2B843BA50053DC05 /* Assets.xcassets in Resources */,
			);
			runOnlyForDeploymentPostprocessing = 0;
		};
		C4C01EF02B843BA50053DC05 /* Resources */ = {
			isa = PBXResourcesBuildPhase;
			buildActionMask = 2147483647;
			files = (
			);
			runOnlyForDeploymentPostprocessing = 0;
		};
		C4C01EFA2B843BA50053DC05 /* Resources */ = {
			isa = PBXResourcesBuildPhase;
			buildActionMask = 2147483647;
			files = (
			);
			runOnlyForDeploymentPostprocessing = 0;
		};
/* End PBXResourcesBuildPhase section */

/* Begin PBXSourcesBuildPhase section */
		C4C01EDE2B843BA20053DC05 /* Sources */ = {
			isa = PBXSourcesBuildPhase;
			buildActionMask = 2147483647;
			files = (
				C4C3650D2B871A9700E5FC17 /* GetRandom.swift in Sources */,
				C4074AE52B85827500757293 /* MovieList.swift in Sources */,
				C4074AE92B85901400757293 /* MovieRow.swift in Sources */,
				C4C01F102B843C560053DC05 /* MovieModelAPI.swift in Sources */,
				C4C01F122B843C7B0053DC05 /* MovieView.swift in Sources */,
				C4074AF02B85C37400757293 /* TabsView.swift in Sources */,
				C4C01F142B843D0F0053DC05 /* ModelData.swift in Sources */,
				C4074AEB2B85B48400757293 /* RandomMovie.swift in Sources */,
				C4074AEE2B85B8A700757293 /* RandomModel.swift in Sources */,
				C4C01EE82B843BA20053DC05 /* ContentView.swift in Sources */,
				C4C01EE62B843BA20053DC05 /* MoviesAPIApp.swift in Sources */,
			);
			runOnlyForDeploymentPostprocessing = 0;
		};
		C4C01EEE2B843BA50053DC05 /* Sources */ = {
			isa = PBXSourcesBuildPhase;
			buildActionMask = 2147483647;
			files = (
				C4C01EF72B843BA50053DC05 /* MoviesAPITests.swift in Sources */,
			);
			runOnlyForDeploymentPostprocessing = 0;
		};
		C4C01EF82B843BA50053DC05 /* Sources */ = {
			isa = PBXSourcesBuildPhase;
			buildActionMask = 2147483647;
			files = (
				C4C01F032B843BA50053DC05 /* MoviesAPIUITestsLaunchTests.swift in Sources */,
				C4C01F012B843BA50053DC05 /* MoviesAPIUITests.swift in Sources */,
			);
			runOnlyForDeploymentPostprocessing = 0;
		};
/* End PBXSourcesBuildPhase section */

/* Begin PBXTargetDependency section */
		C4C01EF42B843BA50053DC05 /* PBXTargetDependency */ = {
			isa = PBXTargetDependency;
			target = C4C01EE12B843BA20053DC05 /* MoviesAPI */;
			targetProxy = C4C01EF32B843BA50053DC05 /* PBXContainerItemProxy */;
		};
		C4C01EFE2B843BA50053DC05 /* PBXTargetDependency */ = {
			isa = PBXTargetDependency;
			target = C4C01EE12B843BA20053DC05 /* MoviesAPI */;
			targetProxy = C4C01EFD2B843BA50053DC05 /* PBXContainerItemProxy */;
		};
/* End PBXTargetDependency section */

/* Begin XCBuildConfiguration section */
		C4C01F042B843BA50053DC05 /* Debug */ = {
			isa = XCBuildConfiguration;
			buildSettings = {
				ALWAYS_SEARCH_USER_PATHS = NO;
				ASSETCATALOG_COMPILER_GENERATE_SWIFT_ASSET_SYMBOL_EXTENSIONS = YES;
				CLANG_ANALYZER_NONNULL = YES;
				CLANG_ANALYZER_NUMBER_OBJECT_CONVERSION = YES_AGGRESSIVE;
				CLANG_CXX_LANGUAGE_STANDARD = "gnu++20";
				CLANG_ENABLE_MODULES = YES;
				CLANG_ENABLE_OBJC_ARC = YES;
				CLANG_ENABLE_OBJC_WEAK = YES;
				CLANG_WARN_BLOCK_CAPTURE_AUTORELEASING = YES;
				CLANG_WARN_BOOL_CONVERSION = YES;
				CLANG_WARN_COMMA = YES;
				CLANG_WARN_CONSTANT_CONVERSION = YES;
				CLANG_WARN_DEPRECATED_OBJC_IMPLEMENTATIONS = YES;
				CLANG_WARN_DIRECT_OBJC_ISA_USAGE = YES_ERROR;
				CLANG_WARN_DOCUMENTATION_COMMENTS = YES;
				CLANG_WARN_EMPTY_BODY = YES;
				CLANG_WARN_ENUM_CONVERSION = YES;
				CLANG_WARN_INFINITE_RECURSION = YES;
				CLANG_WARN_INT_CONVERSION = YES;
				CLANG_WARN_NON_LITERAL_NULL_CONVERSION = YES;
				CLANG_WARN_OBJC_IMPLICIT_RETAIN_SELF = YES;
				CLANG_WARN_OBJC_LITERAL_CONVERSION = YES;
				CLANG_WARN_OBJC_ROOT_CLASS = YES_ERROR;
				CLANG_WARN_QUOTED_INCLUDE_IN_FRAMEWORK_HEADER = YES;
				CLANG_WARN_RANGE_LOOP_ANALYSIS = YES;
				CLANG_WARN_STRICT_PROTOTYPES = YES;
				CLANG_WARN_SUSPICIOUS_MOVE = YES;
				CLANG_WARN_UNGUARDED_AVAILABILITY = YES_AGGRESSIVE;
				CLANG_WARN_UNREACHABLE_CODE = YES;
				CLANG_WARN__DUPLICATE_METHOD_MATCH = YES;
				COPY_PHASE_STRIP = NO;
				DEBUG_INFORMATION_FORMAT = dwarf;
				ENABLE_STRICT_OBJC_MSGSEND = YES;
				ENABLE_TESTABILITY = YES;
				ENABLE_USER_SCRIPT_SANDBOXING = YES;
				GCC_C_LANGUAGE_STANDARD = gnu17;
				GCC_DYNAMIC_NO_PIC = NO;
				GCC_NO_COMMON_BLOCKS = YES;
				GCC_OPTIMIZATION_LEVEL = 0;
				GCC_PREPROCESSOR_DEFINITIONS = (
					"DEBUG=1",
					"$(inherited)",
				);
				GCC_WARN_64_TO_32_BIT_CONVERSION = YES;
				GCC_WARN_ABOUT_RETURN_TYPE = YES_ERROR;
				GCC_WARN_UNDECLARED_SELECTOR = YES;
				GCC_WARN_UNINITIALIZED_AUTOS = YES_AGGRESSIVE;
				GCC_WARN_UNUSED_FUNCTION = YES;
				GCC_WARN_UNUSED_VARIABLE = YES;
				IPHONEOS_DEPLOYMENT_TARGET = 17.2;
				LOCALIZATION_PREFERS_STRING_CATALOGS = YES;
				MTL_ENABLE_DEBUG_INFO = INCLUDE_SOURCE;
				MTL_FAST_MATH = YES;
				ONLY_ACTIVE_ARCH = YES;
				SDKROOT = iphoneos;
				SWIFT_ACTIVE_COMPILATION_CONDITIONS = "DEBUG $(inherited)";
				SWIFT_OPTIMIZATION_LEVEL = "-Onone";
			};
			name = Debug;
		};
		C4C01F052B843BA50053DC05 /* Release */ = {
			isa = XCBuildConfiguration;
			buildSettings = {
				ALWAYS_SEARCH_USER_PATHS = NO;
				ASSETCATALOG_COMPILER_GENERATE_SWIFT_ASSET_SYMBOL_EXTENSIONS = YES;
				CLANG_ANALYZER_NONNULL = YES;
				CLANG_ANALYZER_NUMBER_OBJECT_CONVERSION = YES_AGGRESSIVE;
				CLANG_CXX_LANGUAGE_STANDARD = "gnu++20";
				CLANG_ENABLE_MODULES = YES;
				CLANG_ENABLE_OBJC_ARC = YES;
				CLANG_ENABLE_OBJC_WEAK = YES;
				CLANG_WARN_BLOCK_CAPTURE_AUTORELEASING = YES;
				CLANG_WARN_BOOL_CONVERSION = YES;
				CLANG_WARN_COMMA = YES;
				CLANG_WARN_CONSTANT_CONVERSION = YES;
				CLANG_WARN_DEPRECATED_OBJC_IMPLEMENTATIONS = YES;
				CLANG_WARN_DIRECT_OBJC_ISA_USAGE = YES_ERROR;
				CLANG_WARN_DOCUMENTATION_COMMENTS = YES;
				CLANG_WARN_EMPTY_BODY = YES;
				CLANG_WARN_ENUM_CONVERSION = YES;
				CLANG_WARN_INFINITE_RECURSION = YES;
				CLANG_WARN_INT_CONVERSION = YES;
				CLANG_WARN_NON_LITERAL_NULL_CONVERSION = YES;
				CLANG_WARN_OBJC_IMPLICIT_RETAIN_SELF = YES;
				CLANG_WARN_OBJC_LITERAL_CONVERSION = YES;
				CLANG_WARN_OBJC_ROOT_CLASS = YES_ERROR;
				CLANG_WARN_QUOTED_INCLUDE_IN_FRAMEWORK_HEADER = YES;
				CLANG_WARN_RANGE_LOOP_ANALYSIS = YES;
				CLANG_WARN_STRICT_PROTOTYPES = YES;
				CLANG_WARN_SUSPICIOUS_MOVE = YES;
				CLANG_WARN_UNGUARDED_AVAILABILITY = YES_AGGRESSIVE;
				CLANG_WARN_UNREACHABLE_CODE = YES;
				CLANG_WARN__DUPLICATE_METHOD_MATCH = YES;
				COPY_PHASE_STRIP = NO;
				DEBUG_INFORMATION_FORMAT = "dwarf-with-dsym";
				ENABLE_NS_ASSERTIONS = NO;
				ENABLE_STRICT_OBJC_MSGSEND = YES;
				ENABLE_USER_SCRIPT_SANDBOXING = YES;
				GCC_C_LANGUAGE_STANDARD = gnu17;
				GCC_NO_COMMON_BLOCKS = YES;
				GCC_WARN_64_TO_32_BIT_CONVERSION = YES;
				GCC_WARN_ABOUT_RETURN_TYPE = YES_ERROR;
				GCC_WARN_UNDECLARED_SELECTOR = YES;
				GCC_WARN_UNINITIALIZED_AUTOS = YES_AGGRESSIVE;
				GCC_WARN_UNUSED_FUNCTION = YES;
				GCC_WARN_UNUSED_VARIABLE = YES;
				IPHONEOS_DEPLOYMENT_TARGET = 17.2;
				LOCALIZATION_PREFERS_STRING_CATALOGS = YES;
				MTL_ENABLE_DEBUG_INFO = NO;
				MTL_FAST_MATH = YES;
				SDKROOT = iphoneos;
				SWIFT_COMPILATION_MODE = wholemodule;
				VALIDATE_PRODUCT = YES;
			};
			name = Release;
		};
		C4C01F072B843BA50053DC05 /* Debug */ = {
			isa = XCBuildConfiguration;
			buildSettings = {
				ASSETCATALOG_COMPILER_APPICON_NAME = AppIcon;
				ASSETCATALOG_COMPILER_GLOBAL_ACCENT_COLOR_NAME = AccentColor;
				CODE_SIGN_STYLE = Automatic;
				CURRENT_PROJECT_VERSION = 1;
				DEVELOPMENT_ASSET_PATHS = "\"MoviesAPI/Preview Content\"";
				ENABLE_PREVIEWS = YES;
				GENERATE_INFOPLIST_FILE = YES;
				INFOPLIST_KEY_UIApplicationSceneManifest_Generation = YES;
				INFOPLIST_KEY_UIApplicationSupportsIndirectInputEvents = YES;
				INFOPLIST_KEY_UILaunchScreen_Generation = YES;
				INFOPLIST_KEY_UISupportedInterfaceOrientations_iPad = "UIInterfaceOrientationPortrait UIInterfaceOrientationPortraitUpsideDown UIInterfaceOrientationLandscapeLeft UIInterfaceOrientationLandscapeRight";
				INFOPLIST_KEY_UISupportedInterfaceOrientations_iPhone = "UIInterfaceOrientationPortrait UIInterfaceOrientationLandscapeLeft UIInterfaceOrientationLandscapeRight";
				LD_RUNPATH_SEARCH_PATHS = (
					"$(inherited)",
					"@executable_path/Frameworks",
				);
				MARKETING_VERSION = 1.0;
				PRODUCT_BUNDLE_IDENTIFIER = CMSI2022.MoviesAPI.lmu.MoviesAPI;
				PRODUCT_NAME = "$(TARGET_NAME)";
				SWIFT_EMIT_LOC_STRINGS = YES;
				SWIFT_VERSION = 5.0;
				TARGETED_DEVICE_FAMILY = "1,2";
			};
			name = Debug;
		};
		C4C01F082B843BA50053DC05 /* Release */ = {
			isa = XCBuildConfiguration;
			buildSettings = {
				ASSETCATALOG_COMPILER_APPICON_NAME = AppIcon;
				ASSETCATALOG_COMPILER_GLOBAL_ACCENT_COLOR_NAME = AccentColor;
				CODE_SIGN_STYLE = Automatic;
				CURRENT_PROJECT_VERSION = 1;
				DEVELOPMENT_ASSET_PATHS = "\"MoviesAPI/Preview Content\"";
				ENABLE_PREVIEWS = YES;
				GENERATE_INFOPLIST_FILE = YES;
				INFOPLIST_KEY_UIApplicationSceneManifest_Generation = YES;
				INFOPLIST_KEY_UIApplicationSupportsIndirectInputEvents = YES;
				INFOPLIST_KEY_UILaunchScreen_Generation = YES;
				INFOPLIST_KEY_UISupportedInterfaceOrientations_iPad = "UIInterfaceOrientationPortrait UIInterfaceOrientationPortraitUpsideDown UIInterfaceOrientationLandscapeLeft UIInterfaceOrientationLandscapeRight";
				INFOPLIST_KEY_UISupportedInterfaceOrientations_iPhone = "UIInterfaceOrientationPortrait UIInterfaceOrientationLandscapeLeft UIInterfaceOrientationLandscapeRight";
				LD_RUNPATH_SEARCH_PATHS = (
					"$(inherited)",
					"@executable_path/Frameworks",
				);
				MARKETING_VERSION = 1.0;
				PRODUCT_BUNDLE_IDENTIFIER = CMSI2022.MoviesAPI.lmu.MoviesAPI;
				PRODUCT_NAME = "$(TARGET_NAME)";
				SWIFT_EMIT_LOC_STRINGS = YES;
				SWIFT_VERSION = 5.0;
				TARGETED_DEVICE_FAMILY = "1,2";
			};
			name = Release;
		};
		C4C01F0A2B843BA50053DC05 /* Debug */ = {
			isa = XCBuildConfiguration;
			buildSettings = {
				ALWAYS_EMBED_SWIFT_STANDARD_LIBRARIES = YES;
				BUNDLE_LOADER = "$(TEST_HOST)";
				CODE_SIGN_STYLE = Automatic;
				CURRENT_PROJECT_VERSION = 1;
				GENERATE_INFOPLIST_FILE = YES;
				IPHONEOS_DEPLOYMENT_TARGET = 17.2;
				MARKETING_VERSION = 1.0;
				PRODUCT_BUNDLE_IDENTIFIER = CMSI2022.MoviesAPI.lmu.MoviesAPITests;
				PRODUCT_NAME = "$(TARGET_NAME)";
				SWIFT_EMIT_LOC_STRINGS = NO;
				SWIFT_VERSION = 5.0;
				TARGETED_DEVICE_FAMILY = "1,2";
				TEST_HOST = "$(BUILT_PRODUCTS_DIR)/MoviesAPI.app/$(BUNDLE_EXECUTABLE_FOLDER_PATH)/MoviesAPI";
			};
			name = Debug;
		};
		C4C01F0B2B843BA50053DC05 /* Release */ = {
			isa = XCBuildConfiguration;
			buildSettings = {
				ALWAYS_EMBED_SWIFT_STANDARD_LIBRARIES = YES;
				BUNDLE_LOADER = "$(TEST_HOST)";
				CODE_SIGN_STYLE = Automatic;
				CURRENT_PROJECT_VERSION = 1;
				GENERATE_INFOPLIST_FILE = YES;
				IPHONEOS_DEPLOYMENT_TARGET = 17.2;
				MARKETING_VERSION = 1.0;
				PRODUCT_BUNDLE_IDENTIFIER = CMSI2022.MoviesAPI.lmu.MoviesAPITests;
				PRODUCT_NAME = "$(TARGET_NAME)";
				SWIFT_EMIT_LOC_STRINGS = NO;
				SWIFT_VERSION = 5.0;
				TARGETED_DEVICE_FAMILY = "1,2";
				TEST_HOST = "$(BUILT_PRODUCTS_DIR)/MoviesAPI.app/$(BUNDLE_EXECUTABLE_FOLDER_PATH)/MoviesAPI";
			};
			name = Release;
		};
		C4C01F0D2B843BA50053DC05 /* Debug */ = {
			isa = XCBuildConfiguration;
			buildSettings = {
				ALWAYS_EMBED_SWIFT_STANDARD_LIBRARIES = YES;
				CODE_SIGN_STYLE = Automatic;
				CURRENT_PROJECT_VERSION = 1;
				GENERATE_INFOPLIST_FILE = YES;
				MARKETING_VERSION = 1.0;
				PRODUCT_BUNDLE_IDENTIFIER = CMSI2022.MoviesAPI.lmu.MoviesAPIUITests;
				PRODUCT_NAME = "$(TARGET_NAME)";
				SWIFT_EMIT_LOC_STRINGS = NO;
				SWIFT_VERSION = 5.0;
				TARGETED_DEVICE_FAMILY = "1,2";
				TEST_TARGET_NAME = MoviesAPI;
			};
			name = Debug;
		};
		C4C01F0E2B843BA50053DC05 /* Release */ = {
			isa = XCBuildConfiguration;
			buildSettings = {
				ALWAYS_EMBED_SWIFT_STANDARD_LIBRARIES = YES;
				CODE_SIGN_STYLE = Automatic;
				CURRENT_PROJECT_VERSION = 1;
				GENERATE_INFOPLIST_FILE = YES;
				MARKETING_VERSION = 1.0;
				PRODUCT_BUNDLE_IDENTIFIER = CMSI2022.MoviesAPI.lmu.MoviesAPIUITests;
				PRODUCT_NAME = "$(TARGET_NAME)";
				SWIFT_EMIT_LOC_STRINGS = NO;
				SWIFT_VERSION = 5.0;
				TARGETED_DEVICE_FAMILY = "1,2";
				TEST_TARGET_NAME = MoviesAPI;
			};
			name = Release;
		};
/* End XCBuildConfiguration section */

/* Begin XCConfigurationList section */
		C4C01EDD2B843BA20053DC05 /* Build configuration list for PBXProject "MoviesAPI" */ = {
			isa = XCConfigurationList;
			buildConfigurations = (
				C4C01F042B843BA50053DC05 /* Debug */,
				C4C01F052B843BA50053DC05 /* Release */,
			);
			defaultConfigurationIsVisible = 0;
			defaultConfigurationName = Release;
		};
		C4C01F062B843BA50053DC05 /* Build configuration list for PBXNativeTarget "MoviesAPI" */ = {
			isa = XCConfigurationList;
			buildConfigurations = (
				C4C01F072B843BA50053DC05 /* Debug */,
				C4C01F082B843BA50053DC05 /* Release */,
			);
			defaultConfigurationIsVisible = 0;
			defaultConfigurationName = Release;
		};
		C4C01F092B843BA50053DC05 /* Build configuration list for PBXNativeTarget "MoviesAPITests" */ = {
			isa = XCConfigurationList;
			buildConfigurations = (
				C4C01F0A2B843BA50053DC05 /* Debug */,
				C4C01F0B2B843BA50053DC05 /* Release */,
			);
			defaultConfigurationIsVisible = 0;
			defaultConfigurationName = Release;
		};
		C4C01F0C2B843BA50053DC05 /* Build configuration list for PBXNativeTarget "MoviesAPIUITests" */ = {
			isa = XCConfigurationList;
			buildConfigurations = (
				C4C01F0D2B843BA50053DC05 /* Debug */,
				C4C01F0E2B843BA50053DC05 /* Release */,
			);
			defaultConfigurationIsVisible = 0;
			defaultConfigurationName = Release;
		};
/* End XCConfigurationList section */
	};
	rootObject = C4C01EDA2B843BA20053DC05 /* Project object */;
}
